
Microsoft Visual Studio Solution File, Format Version 12.00
# Visual Studio Version 17
VisualStudioVersion = 17.3.32825.248
MinimumVisualStudioVersion = 10.0.40219.1
Project("{9A19103F-16F7-4668-BE54-9A1E7A4F7556}") = "GeometryOperationsLibrary", "GeometryLibrary\GeometryOperationsLibrary.csproj", "{832D3A7C-D4B3-4E20-86CE-BE29AD25A90D}"
EndProject
Project("{9A19103F-16F7-4668-BE54-9A1E7A4F7556}") = "GeometryOperationTests", "GeometryOperationTests\GeometryOperationTests.csproj", "{3F37F547-E498-46A7-89FD-8E89619102D1}"
EndProject
Global
	GlobalSection(SolutionConfigurationPlatforms) = preSolution
		Debug|Any CPU = Debug|Any CPU
		Release|Any CPU = Release|Any CPU
	EndGlobalSection
	GlobalSection(ProjectConfigurationPlatforms) = postSolution
		{832D3A7C-D4B3-4E20-86CE-BE29AD25A90D}.Debug|Any CPU.ActiveCfg = Debug|Any CPU
		{832D3A7C-D4B3-4E20-86CE-BE29AD25A90D}.Debug|Any CPU.Build.0 = Debug|Any CPU
		{832D3A7C-D4B3-4E20-86CE-BE29AD25A90D}.Release|Any CPU.ActiveCfg = Release|Any CPU
		{832D3A7C-D4B3-4E20-86CE-BE29AD25A90D}.Release|Any CPU.Build.0 = Release|Any CPU
		{3F37F547-E498-46A7-89FD-8E89619102D1}.Debug|Any CPU.ActiveCfg = Debug|Any CPU
		{3F37F547-E498-46A7-89FD-8E89619102D1}.Debug|Any CPU.Build.0 = Debug|Any CPU
		{3F37F547-E498-46A7-89FD-8E89619102D1}.Release|Any CPU.ActiveCfg = Release|Any CPU
		{3F37F547-E498-46A7-89FD-8E89619102D1}.Release|Any CPU.Build.0 = Release|Any CPU
	EndGlobalSection
	GlobalSection(SolutionProperties) = preSolution
		HideSolutionNode = FALSE
	EndGlobalSection
	GlobalSection(ExtensibilityGlobals) = postSolution
		SolutionGuid = {ED286EDC-2064-4D09-AD50-04E0F595D289}
	EndGlobalSection
EndGlobal
